// !$*UTF8*$!
{
	archiveVersion = 1;
	classes = {
	};
	objectVersion = 46;
	objects = {

/* Begin PBXBuildFile section */
		097CCB2F1964015F004BC4C3 /* Foundation.framework in Frameworks */ = {isa = PBXBuildFile; fileRef = 097CCB2E1964015F004BC4C3 /* Foundation.framework */; };
		097CCB311964015F004BC4C3 /* CoreGraphics.framework in Frameworks */ = {isa = PBXBuildFile; fileRef = 097CCB301964015F004BC4C3 /* CoreGraphics.framework */; };
		097CCB331964015F004BC4C3 /* UIKit.framework in Frameworks */ = {isa = PBXBuildFile; fileRef = 097CCB321964015F004BC4C3 /* UIKit.framework */; };
		097CCB391964015F004BC4C3 /* InfoPlist.strings in Resources */ = {isa = PBXBuildFile; fileRef = 097CCB371964015F004BC4C3 /* InfoPlist.strings */; };
		097CCB3B1964015F004BC4C3 /* main.m in Sources */ = {isa = PBXBuildFile; fileRef = 097CCB3A1964015F004BC4C3 /* main.m */; };
		097CCB3F1964015F004BC4C3 /* VWAppDelegate.m in Sources */ = {isa = PBXBuildFile; fileRef = 097CCB3E1964015F004BC4C3 /* VWAppDelegate.m */; };
		097CCB421964015F004BC4C3 /* Main.storyboard in Resources */ = {isa = PBXBuildFile; fileRef = 097CCB401964015F004BC4C3 /* Main.storyboard */; };
		097CCB451964015F004BC4C3 /* VWViewController.m in Sources */ = {isa = PBXBuildFile; fileRef = 097CCB441964015F004BC4C3 /* VWViewController.m */; };
		097CCB471964015F004BC4C3 /* Images.xcassets in Resources */ = {isa = PBXBuildFile; fileRef = 097CCB461964015F004BC4C3 /* Images.xcassets */; };
		097CCB4E1964015F004BC4C3 /* XCTest.framework in Frameworks */ = {isa = PBXBuildFile; fileRef = 097CCB4D1964015F004BC4C3 /* XCTest.framework */; };
		097CCB4F1964015F004BC4C3 /* Foundation.framework in Frameworks */ = {isa = PBXBuildFile; fileRef = 097CCB2E1964015F004BC4C3 /* Foundation.framework */; };
		097CCB501964015F004BC4C3 /* UIKit.framework in Frameworks */ = {isa = PBXBuildFile; fileRef = 097CCB321964015F004BC4C3 /* UIKit.framework */; };
		097CCB581964015F004BC4C3 /* InfoPlist.strings in Resources */ = {isa = PBXBuildFile; fileRef = 097CCB561964015F004BC4C3 /* InfoPlist.strings */; };
		097CCB5A1964015F004BC4C3 /* Overdue_Task_ListTests.m in Sources */ = {isa = PBXBuildFile; fileRef = 097CCB591964015F004BC4C3 /* Overdue_Task_ListTests.m */; };
		097CCB65196401B3004BC4C3 /* VWAddTaskViewController.m in Sources */ = {isa = PBXBuildFile; fileRef = 097CCB64196401B3004BC4C3 /* VWAddTaskViewController.m */; };
		097CCB68196401C9004BC4C3 /* VWDetailTaskViewController.m in Sources */ = {isa = PBXBuildFile; fileRef = 097CCB67196401C9004BC4C3 /* VWDetailTaskViewController.m */; };
		097CCB6B196401DA004BC4C3 /* VWEditTaskViewController.m in Sources */ = {isa = PBXBuildFile; fileRef = 097CCB6A196401DA004BC4C3 /* VWEditTaskViewController.m */; };
		097CCB6F19641104004BC4C3 /* VWTask.m in Sources */ = {isa = PBXBuildFile; fileRef = 097CCB6E19641104004BC4C3 /* VWTask.m */; };
/* End PBXBuildFile section */

/* Begin PBXContainerItemProxy section */
		097CCB511964015F004BC4C3 /* PBXContainerItemProxy */ = {
			isa = PBXContainerItemProxy;
			containerPortal = 097CCB231964015F004BC4C3 /* Project object */;
			proxyType = 1;
			remoteGlobalIDString = 097CCB2A1964015F004BC4C3;
			remoteInfo = "Overdue Task List";
		};
/* End PBXContainerItemProxy section */

/* Begin PBXFileReference section */
		097CCB2B1964015F004BC4C3 /* Overdue Task List.app */ = {isa = PBXFileReference; explicitFileType = wrapper.application; includeInIndex = 0; path = "Overdue Task List.app"; sourceTree = BUILT_PRODUCTS_DIR; };
		097CCB2E1964015F004BC4C3 /* Foundation.framework */ = {isa = PBXFileReference; lastKnownFileType = wrapper.framework; name = Foundation.framework; path = System/Library/Frameworks/Foundation.framework; sourceTree = SDKROOT; };
		097CCB301964015F004BC4C3 /* CoreGraphics.framework */ = {isa = PBXFileReference; lastKnownFileType = wrapper.framework; name = CoreGraphics.framework; path = System/Library/Frameworks/CoreGraphics.framework; sourceTree = SDKROOT; };
		097CCB321964015F004BC4C3 /* UIKit.framework */ = {isa = PBXFileReference; lastKnownFileType = wrapper.framework; name = UIKit.framework; path = System/Library/Frameworks/UIKit.framework; sourceTree = SDKROOT; };
		097CCB361964015F004BC4C3 /* Overdue Task List-Info.plist */ = {isa = PBXFileReference; lastKnownFileType = text.plist.xml; path = "Overdue Task List-Info.plist"; sourceTree = "<group>"; };
		097CCB381964015F004BC4C3 /* en */ = {isa = PBXFileReference; lastKnownFileType = text.plist.strings; name = en; path = en.lproj/InfoPlist.strings; sourceTree = "<group>"; };
		097CCB3A1964015F004BC4C3 /* main.m */ = {isa = PBXFileReference; lastKnownFileType = sourcecode.c.objc; path = main.m; sourceTree = "<group>"; };
		097CCB3C1964015F004BC4C3 /* Overdue Task List-Prefix.pch */ = {isa = PBXFileReference; lastKnownFileType = sourcecode.c.h; path = "Overdue Task List-Prefix.pch"; sourceTree = "<group>"; };
		097CCB3D1964015F004BC4C3 /* VWAppDelegate.h */ = {isa = PBXFileReference; lastKnownFileType = sourcecode.c.h; path = VWAppDelegate.h; sourceTree = "<group>"; };
		097CCB3E1964015F004BC4C3 /* VWAppDelegate.m */ = {isa = PBXFileReference; lastKnownFileType = sourcecode.c.objc; path = VWAppDelegate.m; sourceTree = "<group>"; };
		097CCB411964015F004BC4C3 /* Base */ = {isa = PBXFileReference; lastKnownFileType = file.storyboard; name = Base; path = Base.lproj/Main.storyboard; sourceTree = "<group>"; };
		097CCB431964015F004BC4C3 /* VWViewController.h */ = {isa = PBXFileReference; lastKnownFileType = sourcecode.c.h; path = VWViewController.h; sourceTree = "<group>"; };
		097CCB441964015F004BC4C3 /* VWViewController.m */ = {isa = PBXFileReference; lastKnownFileType = sourcecode.c.objc; path = VWViewController.m; sourceTree = "<group>"; };
		097CCB461964015F004BC4C3 /* Images.xcassets */ = {isa = PBXFileReference; lastKnownFileType = folder.assetcatalog; path = Images.xcassets; sourceTree = "<group>"; };
		097CCB4C1964015F004BC4C3 /* Overdue Task ListTests.xctest */ = {isa = PBXFileReference; explicitFileType = wrapper.cfbundle; includeInIndex = 0; path = "Overdue Task ListTests.xctest"; sourceTree = BUILT_PRODUCTS_DIR; };
		097CCB4D1964015F004BC4C3 /* XCTest.framework */ = {isa = PBXFileReference; lastKnownFileType = wrapper.framework; name = XCTest.framework; path = Library/Frameworks/XCTest.framework; sourceTree = DEVELOPER_DIR; };
		097CCB551964015F004BC4C3 /* Overdue Task ListTests-Info.plist */ = {isa = PBXFileReference; lastKnownFileType = text.plist.xml; path = "Overdue Task ListTests-Info.plist"; sourceTree = "<group>"; };
		097CCB571964015F004BC4C3 /* en */ = {isa = PBXFileReference; lastKnownFileType = text.plist.strings; name = en; path = en.lproj/InfoPlist.strings; sourceTree = "<group>"; };
		097CCB591964015F004BC4C3 /* Overdue_Task_ListTests.m */ = {isa = PBXFileReference; lastKnownFileType = sourcecode.c.objc; path = Overdue_Task_ListTests.m; sourceTree = "<group>"; };
		097CCB63196401B3004BC4C3 /* VWAddTaskViewController.h */ = {isa = PBXFileReference; fileEncoding = 4; lastKnownFileType = sourcecode.c.h; path = VWAddTaskViewController.h; sourceTree = "<group>"; };
		097CCB64196401B3004BC4C3 /* VWAddTaskViewController.m */ = {isa = PBXFileReference; fileEncoding = 4; lastKnownFileType = sourcecode.c.objc; path = VWAddTaskViewController.m; sourceTree = "<group>"; };
		097CCB66196401C9004BC4C3 /* VWDetailTaskViewController.h */ = {isa = PBXFileReference; fileEncoding = 4; lastKnownFileType = sourcecode.c.h; path = VWDetailTaskViewController.h; sourceTree = "<group>"; };
		097CCB67196401C9004BC4C3 /* VWDetailTaskViewController.m */ = {isa = PBXFileReference; fileEncoding = 4; lastKnownFileType = sourcecode.c.objc; path = VWDetailTaskViewController.m; sourceTree = "<group>"; };
		097CCB69196401DA004BC4C3 /* VWEditTaskViewController.h */ = {isa = PBXFileReference; fileEncoding = 4; lastKnownFileType = sourcecode.c.h; path = VWEditTaskViewController.h; sourceTree = "<group>"; };
		097CCB6A196401DA004BC4C3 /* VWEditTaskViewController.m */ = {isa = PBXFileReference; fileEncoding = 4; lastKnownFileType = sourcecode.c.objc; path = VWEditTaskViewController.m; sourceTree = "<group>"; };
		097CCB6D19641104004BC4C3 /* VWTask.h */ = {isa = PBXFileReference; fileEncoding = 4; lastKnownFileType = sourcecode.c.h; path = VWTask.h; sourceTree = "<group>"; };
		097CCB6E19641104004BC4C3 /* VWTask.m */ = {isa = PBXFileReference; fileEncoding = 4; lastKnownFileType = sourcecode.c.objc; path = VWTask.m; sourceTree = "<group>"; };
/* End PBXFileReference section */

/* Begin PBXFrameworksBuildPhase section */
		097CCB281964015F004BC4C3 /* Frameworks */ = {
			isa = PBXFrameworksBuildPhase;
			buildActionMask = 2147483647;
			files = (
				097CCB311964015F004BC4C3 /* CoreGraphics.framework in Frameworks */,
				097CCB331964015F004BC4C3 /* UIKit.framework in Frameworks */,
				097CCB2F1964015F004BC4C3 /* Foundation.framework in Frameworks */,
			);
			runOnlyForDeploymentPostprocessing = 0;
		};
		097CCB491964015F004BC4C3 /* Frameworks */ = {
			isa = PBXFrameworksBuildPhase;
			buildActionMask = 2147483647;
			files = (
				097CCB4E1964015F004BC4C3 /* XCTest.framework in Frameworks */,
				097CCB501964015F004BC4C3 /* UIKit.framework in Frameworks */,
				097CCB4F1964015F004BC4C3 /* Foundation.framework in Frameworks */,
			);
			runOnlyForDeploymentPostprocessing = 0;
		};
/* End PBXFrameworksBuildPhase section */

/* Begin PBXGroup section */
		097CCB221964015F004BC4C3 = {
			isa = PBXGroup;
			children = (
				097CCB341964015F004BC4C3 /* Overdue Task List */,
				097CCB531964015F004BC4C3 /* Overdue Task ListTests */,
				097CCB2D1964015F004BC4C3 /* Frameworks */,
				097CCB2C1964015F004BC4C3 /* Products */,
			);
			sourceTree = "<group>";
		};
		097CCB2C1964015F004BC4C3 /* Products */ = {
			isa = PBXGroup;
			children = (
				097CCB2B1964015F004BC4C3 /* Overdue Task List.app */,
				097CCB4C1964015F004BC4C3 /* Overdue Task ListTests.xctest */,
			);
			name = Products;
			sourceTree = "<group>";
		};
		097CCB2D1964015F004BC4C3 /* Frameworks */ = {
			isa = PBXGroup;
			children = (
				097CCB2E1964015F004BC4C3 /* Foundation.framework */,
				097CCB301964015F004BC4C3 /* CoreGraphics.framework */,
				097CCB321964015F004BC4C3 /* UIKit.framework */,
				097CCB4D1964015F004BC4C3 /* XCTest.framework */,
			);
			name = Frameworks;
			sourceTree = "<group>";
		};
		097CCB341964015F004BC4C3 /* Overdue Task List */ = {
			isa = PBXGroup;
			children = (
				097CCB6C196410D8004BC4C3 /* model */,
				097CCB3D1964015F004BC4C3 /* VWAppDelegate.h */,
				097CCB3E1964015F004BC4C3 /* VWAppDelegate.m */,
				097CCB401964015F004BC4C3 /* Main.storyboard */,
				097CCB431964015F004BC4C3 /* VWViewController.h */,
				097CCB441964015F004BC4C3 /* VWViewController.m */,
				097CCB63196401B3004BC4C3 /* VWAddTaskViewController.h */,
				097CCB64196401B3004BC4C3 /* VWAddTaskViewController.m */,
				097CCB66196401C9004BC4C3 /* VWDetailTaskViewController.h */,
				097CCB67196401C9004BC4C3 /* VWDetailTaskViewController.m */,
				097CCB69196401DA004BC4C3 /* VWEditTaskViewController.h */,
				097CCB6A196401DA004BC4C3 /* VWEditTaskViewController.m */,
				097CCB461964015F004BC4C3 /* Images.xcassets */,
				097CCB351964015F004BC4C3 /* Supporting Files */,
			);
			path = "Overdue Task List";
			sourceTree = "<group>";
		};
		097CCB351964015F004BC4C3 /* Supporting Files */ = {
			isa = PBXGroup;
			children = (
				097CCB361964015F004BC4C3 /* Overdue Task List-Info.plist */,
				097CCB371964015F004BC4C3 /* InfoPlist.strings */,
				097CCB3A1964015F004BC4C3 /* main.m */,
				097CCB3C1964015F004BC4C3 /* Overdue Task List-Prefix.pch */,
			);
			name = "Supporting Files";
			sourceTree = "<group>";
		};
		097CCB531964015F004BC4C3 /* Overdue Task ListTests */ = {
			isa = PBXGroup;
			children = (
				097CCB591964015F004BC4C3 /* Overdue_Task_ListTests.m */,
				097CCB541964015F004BC4C3 /* Supporting Files */,
			);
			path = "Overdue Task ListTests";
			sourceTree = "<group>";
		};
		097CCB541964015F004BC4C3 /* Supporting Files */ = {
			isa = PBXGroup;
			children = (
				097CCB551964015F004BC4C3 /* Overdue Task ListTests-Info.plist */,
				097CCB561964015F004BC4C3 /* InfoPlist.strings */,
			);
			name = "Supporting Files";
			sourceTree = "<group>";
		};
		097CCB6C196410D8004BC4C3 /* model */ = {
			isa = PBXGroup;
			children = (
				097CCB6D19641104004BC4C3 /* VWTask.h */,
				097CCB6E19641104004BC4C3 /* VWTask.m */,
			);
			name = model;
			sourceTree = "<group>";
		};
/* End PBXGroup section */

/* Begin PBXNativeTarget section */
		097CCB2A1964015F004BC4C3 /* Overdue Task List */ = {
			isa = PBXNativeTarget;
			buildConfigurationList = 097CCB5D1964015F004BC4C3 /* Build configuration list for PBXNativeTarget "Overdue Task List" */;
			buildPhases = (
				097CCB271964015F004BC4C3 /* Sources */,
				097CCB281964015F004BC4C3 /* Frameworks */,
				097CCB291964015F004BC4C3 /* Resources */,
			);
			buildRules = (
			);
			dependencies = (
			);
			name = "Overdue Task List";
			productName = "Overdue Task List";
			productReference = 097CCB2B1964015F004BC4C3 /* Overdue Task List.app */;
			productType = "com.apple.product-type.application";
		};
		097CCB4B1964015F004BC4C3 /* Overdue Task ListTests */ = {
			isa = PBXNativeTarget;
			buildConfigurationList = 097CCB601964015F004BC4C3 /* Build configuration list for PBXNativeTarget "Overdue Task ListTests" */;
			buildPhases = (
				097CCB481964015F004BC4C3 /* Sources */,
				097CCB491964015F004BC4C3 /* Frameworks */,
				097CCB4A1964015F004BC4C3 /* Resources */,
			);
			buildRules = (
			);
			dependencies = (
				097CCB521964015F004BC4C3 /* PBXTargetDependency */,
			);
			name = "Overdue Task ListTests";
			productName = "Overdue Task ListTests";
			productReference = 097CCB4C1964015F004BC4C3 /* Overdue Task ListTests.xctest */;
			productType = "com.apple.product-type.bundle.unit-test";
		};
/* End PBXNativeTarget section */

/* Begin PBXProject section */
		097CCB231964015F004BC4C3 /* Project object */ = {
			isa = PBXProject;
			attributes = {
				CLASSPREFIX = VW;
				LastUpgradeCheck = 0510;
				ORGANIZATIONNAME = VW;
				TargetAttributes = {
					097CCB4B1964015F004BC4C3 = {
						TestTargetID = 097CCB2A1964015F004BC4C3;
					};
				};
			};
			buildConfigurationList = 097CCB261964015F004BC4C3 /* Build configuration list for PBXProject "Overdue Task List" */;
			compatibilityVersion = "Xcode 3.2";
			developmentRegion = English;
			hasScannedForEncodings = 0;
			knownRegions = (
				en,
				Base,
			);
			mainGroup = 097CCB221964015F004BC4C3;
			productRefGroup = 097CCB2C1964015F004BC4C3 /* Products */;
			projectDirPath = "";
			projectRoot = "";
			targets = (
				097CCB2A1964015F004BC4C3 /* Overdue Task List */,
				097CCB4B1964015F004BC4C3 /* Overdue Task ListTests */,
			);
		};
/* End PBXProject section */

/* Begin PBXResourcesBuildPhase section */
		097CCB291964015F004BC4C3 /* Resources */ = {
			isa = PBXResourcesBuildPhase;
			buildActionMask = 2147483647;
			files = (
				097CCB471964015F004BC4C3 /* Images.xcassets in Resources */,
				097CCB391964015F004BC4C3 /* InfoPlist.strings in Resources */,
				097CCB421964015F004BC4C3 /* Main.storyboard in Resources */,
			);
			runOnlyForDeploymentPostprocessing = 0;
		};
		097CCB4A1964015F004BC4C3 /* Resources */ = {
			isa = PBXResourcesBuildPhase;
			buildActionMask = 2147483647;
			files = (
				097CCB581964015F004BC4C3 /* InfoPlist.strings in Resources */,
			);
			runOnlyForDeploymentPostprocessing = 0;
		};
/* End PBXResourcesBuildPhase section */

/* Begin PBXSourcesBuildPhase section */
		097CCB271964015F004BC4C3 /* Sources */ = {
			isa = PBXSourcesBuildPhase;
			buildActionMask = 2147483647;
			files = (
				097CCB6B196401DA004BC4C3 /* VWEditTaskViewController.m in Sources */,
				097CCB65196401B3004BC4C3 /* VWAddTaskViewController.m in Sources */,
				097CCB451964015F004BC4C3 /* VWViewController.m in Sources */,
				097CCB6F19641104004BC4C3 /* VWTask.m in Sources */,
				097CCB3B1964015F004BC4C3 /* main.m in Sources */,
				097CCB3F1964015F004BC4C3 /* VWAppDelegate.m in Sources */,
				097CCB68196401C9004BC4C3 /* VWDetailTaskViewController.m in Sources */,
			);
			runOnlyForDeploymentPostprocessing = 0;
		};
		097CCB481964015F004BC4C3 /* Sources */ = {
			isa = PBXSourcesBuildPhase;
			buildActionMask = 2147483647;
			files = (
				097CCB5A1964015F004BC4C3 /* Overdue_Task_ListTests.m in Sources */,
			);
			runOnlyForDeploymentPostprocessing = 0;
		};
/* End PBXSourcesBuildPhase section */

/* Begin PBXTargetDependency section */
		097CCB521964015F004BC4C3 /* PBXTargetDependency */ = {
			isa = PBXTargetDependency;
			target = 097CCB2A1964015F004BC4C3 /* Overdue Task List */;
			targetProxy = 097CCB511964015F004BC4C3 /* PBXContainerItemProxy */;
		};
/* End PBXTargetDependency section */

/* Begin PBXVariantGroup section */
		097CCB371964015F004BC4C3 /* InfoPlist.strings */ = {
			isa = PBXVariantGroup;
			children = (
				097CCB381964015F004BC4C3 /* en */,
			);
			name = InfoPlist.strings;
			sourceTree = "<group>";
		};
		097CCB401964015F004BC4C3 /* Main.storyboard */ = {
			isa = PBXVariantGroup;
			children = (
				097CCB411964015F004BC4C3 /* Base */,
			);
			name = Main.storyboard;
			sourceTree = "<group>";
		};
		097CCB561964015F004BC4C3 /* InfoPlist.strings */ = {
			isa = PBXVariantGroup;
			children = (
				097CCB571964015F004BC4C3 /* en */,
			);
			name = InfoPlist.strings;
			sourceTree = "<group>";
		};
/* End PBXVariantGroup section */

/* Begin XCBuildConfiguration section */
		097CCB5B1964015F004BC4C3 /* Debug */ = {
			isa = XCBuildConfiguration;
			buildSettings = {
				ALWAYS_SEARCH_USER_PATHS = NO;
				CLANG_CXX_LANGUAGE_STANDARD = "gnu++0x";
				CLANG_CXX_LIBRARY = "libc++";
				CLANG_ENABLE_MODULES = YES;
				CLANG_ENABLE_OBJC_ARC = YES;
				CLANG_WARN_BOOL_CONVERSION = YES;
				CLANG_WARN_CONSTANT_CONVERSION = YES;
				CLANG_WARN_DIRECT_OBJC_ISA_USAGE = YES_ERROR;
				CLANG_WARN_EMPTY_BODY = YES;
				CLANG_WARN_ENUM_CONVERSION = YES;
				CLANG_WARN_INT_CONVERSION = YES;
				CLANG_WARN_OBJC_ROOT_CLASS = YES_ERROR;
				CLANG_WARN__DUPLICATE_METHOD_MATCH = YES;
				"CODE_SIGN_IDENTITY[sdk=iphoneos*]" = "iPhone Developer";
				COPY_PHASE_STRIP = NO;
				GCC_C_LANGUAGE_STANDARD = gnu99;
				GCC_DYNAMIC_NO_PIC = NO;
				GCC_OPTIMIZATION_LEVEL = 0;
				GCC_PREPROCESSOR_DEFINITIONS = (
					"DEBUG=1",
					"$(inherited)",
				);
				GCC_SYMBOLS_PRIVATE_EXTERN = NO;
				GCC_WARN_64_TO_32_BIT_CONVERSION = YES;
				GCC_WARN_ABOUT_RETURN_TYPE = YES_ERROR;
				GCC_WARN_UNDECLARED_SELECTOR = YES;
				GCC_WARN_UNINITIALIZED_AUTOS = YES_AGGRESSIVE;
				GCC_WARN_UNUSED_FUNCTION = YES;
				GCC_WARN_UNUSED_VARIABLE = YES;
				IPHONEOS_DEPLOYMENT_TARGET = 7.1;
				ONLY_ACTIVE_ARCH = YES;
				SDKROOT = iphoneos;
			};
			name = Debug;
		};
		097CCB5C1964015F004BC4C3 /* Release */ = {
			isa = XCBuildConfiguration;
			buildSettings = {
				ALWAYS_SEARCH_USER_PATHS = NO;
				CLANG_CXX_LANGUAGE_STANDARD = "gnu++0x";
				CLANG_CXX_LIBRARY = "libc++";
				CLANG_ENABLE_MODULES = YES;
				CLANG_ENABLE_OBJC_ARC = YES;
				CLANG_WARN_BOOL_CONVERSION = YES;
				CLANG_WARN_CONSTANT_CONVERSION = YES;
				CLANG_WARN_DIRECT_OBJC_ISA_USAGE = YES_ERROR;
				CLANG_WARN_EMPTY_BODY = YES;
				CLANG_WARN_ENUM_CONVERSION = YES;
				CLANG_WARN_INT_CONVERSION = YES;
				CLANG_WARN_OBJC_ROOT_CLASS = YES_ERROR;
				CLANG_WARN__DUPLICATE_METHOD_MATCH = YES;
				"CODE_SIGN_IDENTITY[sdk=iphoneos*]" = "iPhone Developer";
				COPY_PHASE_STRIP = YES;
				ENABLE_NS_ASSERTIONS = NO;
				GCC_C_LANGUAGE_STANDARD = gnu99;
				GCC_WARN_64_TO_32_BIT_CONVERSION = YES;
				GCC_WARN_ABOUT_RETURN_TYPE = YES_ERROR;
				GCC_WARN_UNDECLARED_SELECTOR = YES;
				GCC_WARN_UNINITIALIZED_AUTOS = YES_AGGRESSIVE;
				GCC_WARN_UNUSED_FUNCTION = YES;
				GCC_WARN_UNUSED_VARIABLE = YES;
				IPHONEOS_DEPLOYMENT_TARGET = 7.1;
				SDKROOT = iphoneos;
				VALIDATE_PRODUCT = YES;
			};
			name = Release;
		};
		097CCB5E1964015F004BC4C3 /* Debug */ = {
			isa = XCBuildConfiguration;
			buildSettings = {
				ASSETCATALOG_COMPILER_APPICON_NAME = AppIcon;
				ASSETCATALOG_COMPILER_LAUNCHIMAGE_NAME = LaunchImage;
				GCC_PRECOMPILE_PREFIX_HEADER = YES;
				GCC_PREFIX_HEADER = "Overdue Task List/Overdue Task List-Prefix.pch";
				INFOPLIST_FILE = "Overdue Task List/Overdue Task List-Info.plist";
				PRODUCT_NAME = "$(TARGET_NAME)";
				WRAPPER_EXTENSION = app;
			};
			name = Debug;
		};
		097CCB5F1964015F004BC4C3 /* Release */ = {
			isa = XCBuildConfiguration;
			buildSettings = {
				ASSETCATALOG_COMPILER_APPICON_NAME = AppIcon;
				ASSETCATALOG_COMPILER_LAUNCHIMAGE_NAME = LaunchImage;
				GCC_PRECOMPILE_PREFIX_HEADER = YES;
				GCC_PREFIX_HEADER = "Overdue Task List/Overdue Task List-Prefix.pch";
				INFOPLIST_FILE = "Overdue Task List/Overdue Task List-Info.plist";
				PRODUCT_NAME = "$(TARGET_NAME)";
				WRAPPER_EXTENSION = app;
			};
			name = Release;
		};
		097CCB611964015F004BC4C3 /* Debug */ = {
			isa = XCBuildConfiguration;
			buildSettings = {
				BUNDLE_LOADER = "$(BUILT_PRODUCTS_DIR)/Overdue Task List.app/Overdue Task List";
				FRAMEWORK_SEARCH_PATHS = (
					"$(SDKROOT)/Developer/Library/Frameworks",
					"$(inherited)",
					"$(DEVELOPER_FRAMEWORKS_DIR)",
				);
				GCC_PRECOMPILE_PREFIX_HEADER = YES;
				GCC_PREFIX_HEADER = "Overdue Task List/Overdue Task List-Prefix.pch";
				GCC_PREPROCESSOR_DEFINITIONS = (
					"DEBUG=1",
					"$(inherited)",
				);
				INFOPLIST_FILE = "Overdue Task ListTests/Overdue Task ListTests-Info.plist";
				PRODUCT_NAME = "$(TARGET_NAME)";
				TEST_HOST = "$(BUNDLE_LOADER)";
				WRAPPER_EXTENSION = xctest;
			};
			name = Debug;
		};
		097CCB621964015F004BC4C3 /* Release */ = {
			isa = XCBuildConfiguration;
			buildSettings = {
				BUNDLE_LOADER = "$(BUILT_PRODUCTS_DIR)/Overdue Task List.app/Overdue Task List";
				FRAMEWORK_SEARCH_PATHS = (
					"$(SDKROOT)/Developer/Library/Frameworks",
					"$(inherited)",
					"$(DEVELOPER_FRAMEWORKS_DIR)",
				);
				GCC_PRECOMPILE_PREFIX_HEADER = YES;
				GCC_PREFIX_HEADER = "Overdue Task List/Overdue Task List-Prefix.pch";
				INFOPLIST_FILE = "Overdue Task ListTests/Overdue Task ListTests-Info.plist";
				PRODUCT_NAME = "$(TARGET_NAME)";
				TEST_HOST = "$(BUNDLE_LOADER)";
				WRAPPER_EXTENSION = xctest;
			};
			name = Release;
		};
/* End XCBuildConfiguration section */

/* Begin XCConfigurationList section */
		097CCB261964015F004BC4C3 /* Build configuration list for PBXProject "Overdue Task List" */ = {
			isa = XCConfigurationList;
			buildConfigurations = (
				097CCB5B1964015F004BC4C3 /* Debug */,
				097CCB5C1964015F004BC4C3 /* Release */,
			);
			defaultConfigurationIsVisible = 0;
			defaultConfigurationName = Release;
		};
		097CCB5D1964015F004BC4C3 /* Build configuration list for PBXNativeTarget "Overdue Task List" */ = {
			isa = XCConfigurationList;
			buildConfigurations = (
				097CCB5E1964015F004BC4C3 /* Debug */,
				097CCB5F1964015F004BC4C3 /* Release */,
			);
			defaultConfigurationIsVisible = 0;
		};
		097CCB601964015F004BC4C3 /* Build configuration list for PBXNativeTarget "Overdue Task ListTests" */ = {
			isa = XCConfigurationList;
			buildConfigurations = (
				097CCB611964015F004BC4C3 /* Debug */,
				097CCB621964015F004BC4C3 /* Release */,
			);
			defaultConfigurationIsVisible = 0;
		};
/* End XCConfigurationList section */
	};
	rootObject = 097CCB231964015F004BC4C3 /* Project object */;
}
